
Microsoft Visual Studio Solution File, Format Version 12.00
# Visual Studio 2015
Project("{FAE04EC0-301F-11D3-BF4B-00C04F79EFBC}") = "VRTK_SceneManager", "VRTK_SceneManager.csproj", "{80F365D7-B27B-1A69-69DE-A9204A5E3F78}"
EndProject
Project("{FAE04EC0-301F-11D3-BF4B-00C04F79EFBC}") = "VRTK_SceneManager.Editor", "VRTK_SceneManager.Editor.csproj", "{B6021D51-2548-8D4C-0335-58DC545243E6}"
EndProject
Global
	GlobalSection(SolutionConfigurationPlatforms) = preSolution
		Debug|Any CPU = Debug|Any CPU
		Release|Any CPU = Release|Any CPU
	EndGlobalSection
	GlobalSection(ProjectConfigurationPlatforms) = postSolution
		{80F365D7-B27B-1A69-69DE-A9204A5E3F78}.Debug|Any CPU.ActiveCfg = Debug|Any CPU
		{80F365D7-B27B-1A69-69DE-A9204A5E3F78}.Debug|Any CPU.Build.0 = Debug|Any CPU
		{80F365D7-B27B-1A69-69DE-A9204A5E3F78}.Release|Any CPU.ActiveCfg = Release|Any CPU
		{80F365D7-B27B-1A69-69DE-A9204A5E3F78}.Release|Any CPU.Build.0 = Release|Any CPU
		{B6021D51-2548-8D4C-0335-58DC545243E6}.Debug|Any CPU.ActiveCfg = Debug|Any CPU
		{B6021D51-2548-8D4C-0335-58DC545243E6}.Debug|Any CPU.Build.0 = Debug|Any CPU
		{B6021D51-2548-8D4C-0335-58DC545243E6}.Release|Any CPU.ActiveCfg = Release|Any CPU
		{B6021D51-2548-8D4C-0335-58DC545243E6}.Release|Any CPU.Build.0 = Release|Any CPU
	EndGlobalSection
	GlobalSection(SolutionProperties) = preSolution
		HideSolutionNode = FALSE
	EndGlobalSection
EndGlobal
